
Microsoft Visual Studio Solution File, Format Version 12.00
# Visual Studio 14
VisualStudioVersion = 14.0.25420.1
MinimumVisualStudioVersion = 10.0.40219.1
Project("{2150E333-8FDC-42A3-9474-1A3956D46DE8}") = "0 - Apresentacao", "0 - Apresentacao", "{8A16AF2B-0889-4F72-87AB-D2474363C0F0}"
EndProject
Project("{2150E333-8FDC-42A3-9474-1A3956D46DE8}") = "1 - Servicos", "1 - Servicos", "{A6AE68BC-8328-4E41-AF7D-E98FEBDA4029}"
EndProject
Project("{2150E333-8FDC-42A3-9474-1A3956D46DE8}") = "2 - Aplicacao", "2 - Aplicacao", "{40A62E8B-D632-4C07-9102-471B0A3C3BEE}"
EndProject
Project("{2150E333-8FDC-42A3-9474-1A3956D46DE8}") = "3 - Dominio", "3 - Dominio", "{6A21D994-76B9-479B-9031-05D6268DC048}"
EndProject
Project("{2150E333-8FDC-42A3-9474-1A3956D46DE8}") = "4 - Infra", "4 - Infra", "{6A73D871-EF35-4B7F-8BB3-783425901072}"
EndProject
Project("{2150E333-8FDC-42A3-9474-1A3956D46DE8}") = "4.1 - Dados", "4.1 - Dados", "{46064909-5BED-493F-8D99-D2B33FF025C9}"
EndProject
Project("{2150E333-8FDC-42A3-9474-1A3956D46DE8}") = "4.2 - Transversal", "4.2 - Transversal", "{7C2DE85E-AB38-4A99-836B-6A24B4927DAC}"
EndProject
Project("{FAE04EC0-301F-11D3-BF4B-00C04F79EFBC}") = "ModeloDados", "ModeloDados\ModeloDados.csproj", "{B985F460-3390-426E-B202-708C25341B94}"
EndProject
Project("{FAE04EC0-301F-11D3-BF4B-00C04F79EFBC}") = "ModeloDominio", "ModeloDominio\ModeloDominio.csproj", "{AB2D4CCA-A934-4AC5-B79E-84BA7E06A516}"
EndProject
Project("{FAE04EC0-301F-11D3-BF4B-00C04F79EFBC}") = "ModeloAplicacao", "ModeloAplicacao\ModeloAplicacao.csproj", "{7EBA3253-9C5D-4BB2-A17E-65BF8AA24A44}"
EndProject
Project("{FAE04EC0-301F-11D3-BF4B-00C04F79EFBC}") = "ModeloRecursos", "ModeloRecursos\ModeloRecursos.csproj", "{2F6F3AD4-B245-471E-A5AC-EC3989854C40}"
EndProject
Project("{FAE04EC0-301F-11D3-BF4B-00C04F79EFBC}") = "ModeloTarefa", "ModeloTarefa\ModeloTarefa.csproj", "{ED7B98CC-436D-4425-99AF-6DBA5F52F443}"
EndProject
Project("{FAE04EC0-301F-11D3-BF4B-00C04F79EFBC}") = "ModeloApi", "ModeloApi\ModeloApi.csproj", "{E31C5D89-3DF8-4ADD-BB56-0F410871EA11}"
EndProject
Project("{FAE04EC0-301F-11D3-BF4B-00C04F79EFBC}") = "ModeloTransversal", "ModeloTransversal\ModeloTransversal.csproj", "{C9B7263D-F8FB-4667-882C-9291ADCCCA21}"
EndProject
Global
	GlobalSection(SolutionConfigurationPlatforms) = preSolution
		Debug|Any CPU = Debug|Any CPU
		Release|Any CPU = Release|Any CPU
	EndGlobalSection
	GlobalSection(ProjectConfigurationPlatforms) = postSolution
		{B985F460-3390-426E-B202-708C25341B94}.Debug|Any CPU.ActiveCfg = Debug|Any CPU
		{B985F460-3390-426E-B202-708C25341B94}.Debug|Any CPU.Build.0 = Debug|Any CPU
		{B985F460-3390-426E-B202-708C25341B94}.Release|Any CPU.ActiveCfg = Release|Any CPU
		{B985F460-3390-426E-B202-708C25341B94}.Release|Any CPU.Build.0 = Release|Any CPU
		{AB2D4CCA-A934-4AC5-B79E-84BA7E06A516}.Debug|Any CPU.ActiveCfg = Debug|Any CPU
		{AB2D4CCA-A934-4AC5-B79E-84BA7E06A516}.Debug|Any CPU.Build.0 = Debug|Any CPU
		{AB2D4CCA-A934-4AC5-B79E-84BA7E06A516}.Release|Any CPU.ActiveCfg = Release|Any CPU
		{AB2D4CCA-A934-4AC5-B79E-84BA7E06A516}.Release|Any CPU.Build.0 = Release|Any CPU
		{7EBA3253-9C5D-4BB2-A17E-65BF8AA24A44}.Debug|Any CPU.ActiveCfg = Debug|Any CPU
		{7EBA3253-9C5D-4BB2-A17E-65BF8AA24A44}.Debug|Any CPU.Build.0 = Debug|Any CPU
		{7EBA3253-9C5D-4BB2-A17E-65BF8AA24A44}.Release|Any CPU.ActiveCfg = Release|Any CPU
		{7EBA3253-9C5D-4BB2-A17E-65BF8AA24A44}.Release|Any CPU.Build.0 = Release|Any CPU
		{2F6F3AD4-B245-471E-A5AC-EC3989854C40}.Debug|Any CPU.ActiveCfg = Debug|Any CPU
		{2F6F3AD4-B245-471E-A5AC-EC3989854C40}.Debug|Any CPU.Build.0 = Debug|Any CPU
		{2F6F3AD4-B245-471E-A5AC-EC3989854C40}.Release|Any CPU.ActiveCfg = Release|Any CPU
		{2F6F3AD4-B245-471E-A5AC-EC3989854C40}.Release|Any CPU.Build.0 = Release|Any CPU
		{ED7B98CC-436D-4425-99AF-6DBA5F52F443}.Debug|Any CPU.ActiveCfg = Debug|Any CPU
		{ED7B98CC-436D-4425-99AF-6DBA5F52F443}.Debug|Any CPU.Build.0 = Debug|Any CPU
		{ED7B98CC-436D-4425-99AF-6DBA5F52F443}.Release|Any CPU.ActiveCfg = Release|Any CPU
		{ED7B98CC-436D-4425-99AF-6DBA5F52F443}.Release|Any CPU.Build.0 = Release|Any CPU
		{E31C5D89-3DF8-4ADD-BB56-0F410871EA11}.Debug|Any CPU.ActiveCfg = Debug|Any CPU
		{E31C5D89-3DF8-4ADD-BB56-0F410871EA11}.Debug|Any CPU.Build.0 = Debug|Any CPU
		{E31C5D89-3DF8-4ADD-BB56-0F410871EA11}.Release|Any CPU.ActiveCfg = Release|Any CPU
		{E31C5D89-3DF8-4ADD-BB56-0F410871EA11}.Release|Any CPU.Build.0 = Release|Any CPU
		{C9B7263D-F8FB-4667-882C-9291ADCCCA21}.Debug|Any CPU.ActiveCfg = Debug|Any CPU
		{C9B7263D-F8FB-4667-882C-9291ADCCCA21}.Debug|Any CPU.Build.0 = Debug|Any CPU
		{C9B7263D-F8FB-4667-882C-9291ADCCCA21}.Release|Any CPU.ActiveCfg = Release|Any CPU
		{C9B7263D-F8FB-4667-882C-9291ADCCCA21}.Release|Any CPU.Build.0 = Release|Any CPU
	EndGlobalSection
	GlobalSection(SolutionProperties) = preSolution
		HideSolutionNode = FALSE
	EndGlobalSection
	GlobalSection(NestedProjects) = preSolution
		{46064909-5BED-493F-8D99-D2B33FF025C9} = {6A73D871-EF35-4B7F-8BB3-783425901072}
		{7C2DE85E-AB38-4A99-836B-6A24B4927DAC} = {6A73D871-EF35-4B7F-8BB3-783425901072}
		{B985F460-3390-426E-B202-708C25341B94} = {46064909-5BED-493F-8D99-D2B33FF025C9}
		{AB2D4CCA-A934-4AC5-B79E-84BA7E06A516} = {6A21D994-76B9-479B-9031-05D6268DC048}
		{7EBA3253-9C5D-4BB2-A17E-65BF8AA24A44} = {40A62E8B-D632-4C07-9102-471B0A3C3BEE}
		{2F6F3AD4-B245-471E-A5AC-EC3989854C40} = {40A62E8B-D632-4C07-9102-471B0A3C3BEE}
		{ED7B98CC-436D-4425-99AF-6DBA5F52F443} = {A6AE68BC-8328-4E41-AF7D-E98FEBDA4029}
		{E31C5D89-3DF8-4ADD-BB56-0F410871EA11} = {A6AE68BC-8328-4E41-AF7D-E98FEBDA4029}
		{C9B7263D-F8FB-4667-882C-9291ADCCCA21} = {7C2DE85E-AB38-4A99-836B-6A24B4927DAC}
	EndGlobalSection
EndGlobal
